{
  "name": "@jstpierre/model-viewer",
  "requires": true,
  "lockfileVersion": 1,
  "dependencies": {
    "@types/gl-matrix": {
      "version": "2.4.0",
      "resolved": "https://registry.npmjs.org/@types/gl-matrix/-/gl-matrix-2.4.0.tgz",
      "integrity": "sha1-onr/uvOoSYlIF/ZIv2iscQ3t9KM="
    },
    "@types/pako": {
      "version": "1.0.0",
      "resolved": "https://registry.npmjs.org/@types/pako/-/pako-1.0.0.tgz",
      "integrity": "sha1-6q6DZNG391LiY7w/1o3+yY5hNsU="
    },
    "@types/systemjs": {
      "version": "0.20.6",
      "resolved": "https://registry.npmjs.org/@types/systemjs/-/systemjs-0.20.6.tgz",
      "integrity": "sha1-eYONK0vOnAFDMO+gtMe5NF6DCnI="
    },
    "@types/webassembly-js-api": {
      "version": "0.0.1",
      "resolved": "https://registry.npmjs.org/@types/webassembly-js-api/-/webassembly-js-api-0.0.1.tgz",
      "integrity": "sha1-YtULIBB319TMEJuxytoi/f1FI/s="
    },
    "@types/webgl2": {
      "version": "0.0.2",
      "resolved": "https://registry.npmjs.org/@types/webgl2/-/webgl2-0.0.2.tgz",
      "integrity": "sha1-Dqk7GXbH1X7hmrzaPQS6mqF4fRE="
    },
    "gl-matrix": {
      "version": "2.4.0",
      "resolved": "https://registry.npmjs.org/gl-matrix/-/gl-matrix-2.4.0.tgz",
      "integrity": "sha1-IImxMwGinuyCLZ2Z3/wfeO6aPFA=",
      "dev": true
    },
    "pako": {
      "version": "1.0.6",
      "resolved": "https://registry.npmjs.org/pako/-/pako-1.0.6.tgz",
      "integrity": "sha1-AQEhG6pwxLykoPY/Igbpe3368lg=",
      "dev": true
    },
    "wabt": {
      "version": "1.0.0-nightly.20180421",
      "resolved": "https://registry.npmjs.org/wabt/-/wabt-1.0.0-nightly.20180421.tgz",
      "integrity": "sha1-2zVlv/DVAjyVdicKpTafLOxFuHg=",
      "dev": true
    }
  }
}
