lockfileVersion: 5.3

specifiers:
  '@chialab/esbuild-plugin-html': ^0.12.19
  '@sentry/browser': ^5.7.1
  '@types/filesystem': ^0.0.29
  '@types/node': ^11.9.5
  '@types/pako': ^1.0.0
  '@types/pngjs': ^3.3.2
  '@types/puppeteer': ^1.12.4
  '@types/webmidi': ^2.0.4
  '@webgpu/types': ^0.1.4
  buffer: ^6.0.3
  crc-32: ^1.2.0
  esbuild: ^0.13.6
  fs-extra: ^10.0.0
  gl-matrix: ^3.0.0
  iconv-lite: ^0.6.2
  librw: ^0.4.0
  pako: ^1.0.7
  pngjs: ^3.4.0
  puppeteer: ^1.16.0
  reflect-metadata: ^0.1.13
  ts-node: ^10.2.1
  typescript: ^4.3.5
  wasm-pack: ^0.9.1

dependencies:
  '@sentry/browser': 5.30.0
  crc-32: 1.2.0
  gl-matrix: 3.3.0
  librw: 0.4.0
  pako: 1.0.11
  reflect-metadata: 0.1.13

devDependencies:
  '@chialab/esbuild-plugin-html': 0.12.19
  '@types/filesystem': 0.0.29
  '@types/node': 11.15.54
  '@types/pako': 1.0.2
  '@types/pngjs': 3.4.2
  '@types/puppeteer': 1.20.8
  '@types/webmidi': 2.0.6
  '@webgpu/types': 0.1.6
  buffer: 6.0.3
  esbuild: 0.13.6
  fs-extra: 10.0.0
  iconv-lite: 0.6.3
  pngjs: 3.4.0
  puppeteer: 1.20.0
  ts-node: 10.2.1_cbdbdeba9190040688bacbabfa5b6f67
  typescript: 4.4.2
  wasm-pack: 0.9.1

packages:

  /@babel/runtime/7.15.4:
    resolution: {integrity: sha512-99catp6bHCaxr4sJ/DbTGgHS4+Rs2RVd2g7iOap6SLGPDknRK9ztKNsE/Fg6QhSeh1FGE5f6gHGQmvvn3I3xhw==}
    engines: {node: '>=6.9.0'}
    dependencies:
      regenerator-runtime: 0.13.9
    dev: true

  /@chialab/esbuild-helpers/0.12.12:
    resolution: {integrity: sha512-vpOgTSi8BM1p6V/7lAX+W0rjyKNqWKnDPisC2pD3y/UUkZOijCGZOfIMUS2DsTTx1cw3IAWXVTROtkRYTEWhJg==}
    engines: {node: '>=13'}
    dependencies:
      esbuild: 0.13.6
    dev: true

  /@chialab/esbuild-plugin-html/0.12.19:
    resolution: {integrity: sha512-SIlwq5o8U8S6RnsI+jTWCk1NkK7I7dyRUthsA2Qi/V1hjfhlvTwe8RvHDQMznO3/B98xI0Z49j06bjImkDQrnA==}
    engines: {node: '>=13'}
    dependencies:
      '@chialab/esbuild-helpers': 0.12.12
      '@chialab/node-resolve': 0.12.19
      '@jimp/custom': 0.16.1
      '@jimp/jpeg': 0.16.1_@jimp+custom@0.16.1
      '@jimp/plugin-resize': 0.16.1_@jimp+custom@0.16.1
      '@jimp/png': 0.16.1_@jimp+custom@0.16.1
      cheerio: 1.0.0-rc.10
      esbuild: 0.13.6
    dev: true

  /@chialab/node-resolve/0.12.19:
    resolution: {integrity: sha512-ofIPDZ0RWuLM914mFKi2iMiLJqVBH/pG10t9LbIwbFp4cdcOvoWDqnw6b4zQjHtMTE8DQ3HrpCuVApdZ8Ayf1w==}
    engines: {node: '>=13'}
    dependencies:
      enhanced-resolve: 5.8.2
      is-core-module: 2.6.0
    dev: true

  /@cspotcode/source-map-consumer/0.8.0:
    resolution: {integrity: sha512-41qniHzTU8yAGbCp04ohlmSrZf8bkf/iJsl3V0dRGsQN/5GFfx+LbCSsCpp2gqrqjTVg/K6O8ycoV35JIwAzAg==}
    engines: {node: '>= 12'}
    dev: true

  /@cspotcode/source-map-support/0.6.1:
    resolution: {integrity: sha512-DX3Z+T5dt1ockmPdobJS/FAsQPW4V4SrWEhD2iYQT2Cb2tQsiMnYxrcUH9By/Z3B+v0S5LMBkQtV/XOBbpLEOg==}
    engines: {node: '>=12'}
    dependencies:
      '@cspotcode/source-map-consumer': 0.8.0
    dev: true

  /@jimp/core/0.16.1:
    resolution: {integrity: sha512-la7kQia31V6kQ4q1kI/uLimu8FXx7imWVajDGtwUG8fzePLWDFJyZl0fdIXVCL1JW2nBcRHidUot6jvlRDi2+g==}
    dependencies:
      '@babel/runtime': 7.15.4
      '@jimp/utils': 0.16.1
      any-base: 1.1.0
      buffer: 5.7.1
      exif-parser: 0.1.12
      file-type: 9.0.0
      load-bmfont: 1.4.1
      mkdirp: 0.5.5
      phin: 2.9.3
      pixelmatch: 4.0.2
      tinycolor2: 1.4.2
    dev: true

  /@jimp/custom/0.16.1:
    resolution: {integrity: sha512-DNUAHNSiUI/j9hmbatD6WN/EBIyeq4AO0frl5ETtt51VN1SvE4t4v83ZA/V6ikxEf3hxLju4tQ5Pc3zmZkN/3A==}
    dependencies:
      '@babel/runtime': 7.15.4
      '@jimp/core': 0.16.1
    dev: true

  /@jimp/jpeg/0.16.1_@jimp+custom@0.16.1:
    resolution: {integrity: sha512-8352zrdlCCLFdZ/J+JjBslDvml+fS3Z8gttdml0We759PnnZGqrnPRhkOEOJbNUlE+dD4ckLeIe6NPxlS/7U+w==}
    peerDependencies:
      '@jimp/custom': '>=0.3.5'
    dependencies:
      '@babel/runtime': 7.15.4
      '@jimp/custom': 0.16.1
      '@jimp/utils': 0.16.1
      jpeg-js: 0.4.2
    dev: true

  /@jimp/plugin-resize/0.16.1_@jimp+custom@0.16.1:
    resolution: {integrity: sha512-u4JBLdRI7dargC04p2Ha24kofQBk3vhaf0q8FwSYgnCRwxfvh2RxvhJZk9H7Q91JZp6wgjz/SjvEAYjGCEgAwQ==}
    peerDependencies:
      '@jimp/custom': '>=0.3.5'
    dependencies:
      '@babel/runtime': 7.15.4
      '@jimp/custom': 0.16.1
      '@jimp/utils': 0.16.1
    dev: true

  /@jimp/png/0.16.1_@jimp+custom@0.16.1:
    resolution: {integrity: sha512-iyWoCxEBTW0OUWWn6SveD4LePW89kO7ZOy5sCfYeDM/oTPLpR8iMIGvZpZUz1b8kvzFr27vPst4E5rJhGjwsdw==}
    peerDependencies:
      '@jimp/custom': '>=0.3.5'
    dependencies:
      '@babel/runtime': 7.15.4
      '@jimp/custom': 0.16.1
      '@jimp/utils': 0.16.1
      pngjs: 3.4.0
    dev: true

  /@jimp/utils/0.16.1:
    resolution: {integrity: sha512-8fULQjB0x4LzUSiSYG6ZtQl355sZjxbv8r9PPAuYHzS9sGiSHJQavNqK/nKnpDsVkU88/vRGcE7t3nMU0dEnVw==}
    dependencies:
      '@babel/runtime': 7.15.4
      regenerator-runtime: 0.13.9
    dev: true

  /@sentry/browser/5.30.0:
    resolution: {integrity: sha512-rOb58ZNVJWh1VuMuBG1mL9r54nZqKeaIlwSlvzJfc89vyfd7n6tQ1UXMN383QBz/MS5H5z44Hy5eE+7pCrYAfw==}
    engines: {node: '>=6'}
    dependencies:
      '@sentry/core': 5.30.0
      '@sentry/types': 5.30.0
      '@sentry/utils': 5.30.0
      tslib: 1.14.1
    dev: false

  /@sentry/core/5.30.0:
    resolution: {integrity: sha512-TmfrII8w1PQZSZgPpUESqjB+jC6MvZJZdLtE/0hZ+SrnKhW3x5WlYLvTXZpcWePYBku7rl2wn1RZu6uT0qCTeg==}
    engines: {node: '>=6'}
    dependencies:
      '@sentry/hub': 5.30.0
      '@sentry/minimal': 5.30.0
      '@sentry/types': 5.30.0
      '@sentry/utils': 5.30.0
      tslib: 1.14.1
    dev: false

  /@sentry/hub/5.30.0:
    resolution: {integrity: sha512-2tYrGnzb1gKz2EkMDQcfLrDTvmGcQPuWxLnJKXJvYTQDGLlEvi2tWz1VIHjunmOvJrB5aIQLhm+dcMRwFZDCqQ==}
    engines: {node: '>=6'}
    dependencies:
      '@sentry/types': 5.30.0
      '@sentry/utils': 5.30.0
      tslib: 1.14.1
    dev: false

  /@sentry/minimal/5.30.0:
    resolution: {integrity: sha512-BwWb/owZKtkDX+Sc4zCSTNcvZUq7YcH3uAVlmh/gtR9rmUvbzAA3ewLuB3myi4wWRAMEtny6+J/FN/x+2wn9Xw==}
    engines: {node: '>=6'}
    dependencies:
      '@sentry/hub': 5.30.0
      '@sentry/types': 5.30.0
      tslib: 1.14.1
    dev: false

  /@sentry/types/5.30.0:
    resolution: {integrity: sha512-R8xOqlSTZ+htqrfteCWU5Nk0CDN5ApUTvrlvBuiH1DyP6czDZ4ktbZB0hAgBlVcK0U+qpD3ag3Tqqpa5Q67rPw==}
    engines: {node: '>=6'}
    dev: false

  /@sentry/utils/5.30.0:
    resolution: {integrity: sha512-zaYmoH0NWWtvnJjC9/CBseXMtKHm/tm40sz3YfJRxeQjyzRqNQPgivpd9R/oDJCYj999mzdW382p/qi2ypjLww==}
    engines: {node: '>=6'}
    dependencies:
      '@sentry/types': 5.30.0
      tslib: 1.14.1
    dev: false

  /@tsconfig/node10/1.0.8:
    resolution: {integrity: sha512-6XFfSQmMgq0CFLY1MslA/CPUfhIL919M1rMsa5lP2P097N2Wd1sSX0tx1u4olM16fLNhtHZpRhedZJphNJqmZg==}
    dev: true

  /@tsconfig/node12/1.0.9:
    resolution: {integrity: sha512-/yBMcem+fbvhSREH+s14YJi18sp7J9jpuhYByADT2rypfajMZZN4WQ6zBGgBKp53NKmqI36wFYDb3yaMPurITw==}
    dev: true

  /@tsconfig/node14/1.0.1:
    resolution: {integrity: sha512-509r2+yARFfHHE7T6Puu2jjkoycftovhXRqW328PDXTVGKihlb1P8Z9mMZH04ebyajfRY7dedfGynlrFHJUQCg==}
    dev: true

  /@tsconfig/node16/1.0.2:
    resolution: {integrity: sha512-eZxlbI8GZscaGS7kkc/trHTT5xgrjH3/1n2JDwusC9iahPKWMRvRjJSAN5mCXviuTGQ/lHnhvv8Q1YTpnfz9gA==}
    dev: true

  /@types/filesystem/0.0.29:
    resolution: {integrity: sha512-85/1KfRedmfPGsbK8YzeaQUyV1FQAvMPMTuWFQ5EkLd2w7szhNO96bk3Rh/SKmOfd9co2rCLf0Voy4o7ECBOvw==}
    dependencies:
      '@types/filewriter': 0.0.29
    dev: true

  /@types/filewriter/0.0.29:
    resolution: {integrity: sha512-BsPXH/irW0ht0Ji6iw/jJaK8Lj3FJemon2gvEqHKpCdDCeemHa+rI3WBGq5z7cDMZgoLjY40oninGxqk+8NzNQ==}
    dev: true

  /@types/node/11.15.54:
    resolution: {integrity: sha512-1RWYiq+5UfozGsU6MwJyFX6BtktcT10XRjvcAQmskCtMcW3tPske88lM/nHv7BQG1w9KBXI1zPGuu5PnNCX14g==}
    dev: true

  /@types/pako/1.0.2:
    resolution: {integrity: sha512-8UJl2MjkqqS6ncpLZqRZ5LmGiFBkbYxocD4e4jmBqGvfRG1RS23gKsBQbdtV9O9GvRyjFTiRHRByjSlKCLlmZw==}
    dev: true

  /@types/pngjs/3.4.2:
    resolution: {integrity: sha512-LJVPDraJ5YFEnMHnzxTN4psdWz1M61MtaAAWPn3qnDk5fvs7BAmmQ9pd3KPlrdrvozMyne4ktanD4pg0L7x1Pw==}
    dependencies:
      '@types/node': 11.15.54
    dev: true

  /@types/puppeteer/1.20.8:
    resolution: {integrity: sha512-yJZzz9NeEmTxRGaZzUxUtBIEAoVXTtAx40mG8K0eDPwEeWyuxXKC7Lredxs6uNcgbvMDc8xzYy4v54jbbpoqrg==}
    dependencies:
      '@types/node': 11.15.54
    dev: true

  /@types/webmidi/2.0.6:
    resolution: {integrity: sha512-sfS0A5IryqmBrUpcGPipEPeFdpqmZzP6b6lZFxHKgz5n2Vhzh4yJ5P2TvoDUhDjqJyv0Y25ng0Qodgo2Vu08ug==}
    dev: true

  /@webgpu/types/0.1.6:
    resolution: {integrity: sha512-5c3ZxNmGwVhTo8nW0b0iEaSVLTx89D056c7JzbzC2f9J+qebRM+U9rH52q9Z/HwZbZQTUAYX5UGp0c4BNv61Ew==}
    dev: true

  /acorn-walk/8.1.1:
    resolution: {integrity: sha512-FbJdceMlPHEAWJOILDk1fXD8lnTlEIWFkqtfk+MvmL5q/qlHfN7GEHcsFZWt/Tea9jRNPWUZG4G976nqAAmU9w==}
    engines: {node: '>=0.4.0'}
    dev: true

  /acorn/8.4.1:
    resolution: {integrity: sha512-asabaBSkEKosYKMITunzX177CXxQ4Q8BSSzMTKD+FefUhipQC70gfW5SiUDhYQ3vk8G+81HqQk7Fv9OXwwn9KA==}
    engines: {node: '>=0.4.0'}
    hasBin: true
    dev: true

  /agent-base/4.3.0:
    resolution: {integrity: sha512-salcGninV0nPrwpGNn4VTXBb1SOuXQBiqbrNXoeizJsHrsL6ERFM2Ne3JUSBWRE6aeNJI2ROP/WEEIDUiDe3cg==}
    engines: {node: '>= 4.0.0'}
    dependencies:
      es6-promisify: 5.0.0
    dev: true

  /any-base/1.1.0:
    resolution: {integrity: sha512-uMgjozySS8adZZYePpaWs8cxB9/kdzmpX6SgJZ+wbz1K5eYk5QMYDVJaZKhxyIHUdnnJkfR7SVgStgH7LkGUyg==}
    dev: true

  /arg/4.1.3:
    resolution: {integrity: sha512-58S9QDqG0Xx27YwPSt9fJxivjYl432YCwfDMfZ+71RAqUrZef7LrKQZ3LHLOwCS4FLNBplP533Zx895SeOCHvA==}
    dev: true

  /async-limiter/1.0.1:
    resolution: {integrity: sha512-csOlWGAcRFJaI6m+F2WKdnMKr4HhdhFVBk0H/QbJFMCr+uO2kwohwXQPxw/9OCxp05r5ghVBFSyioixx3gfkNQ==}
    dev: true

  /axios/0.19.2:
    resolution: {integrity: sha512-fjgm5MvRHLhx+osE2xoekY70AhARk3a6hkN+3Io1jc00jtquGvxYlKlsFUhmUET0V5te6CcZI7lcv2Ym61mjHA==}
    deprecated: Critical security vulnerability fixed in v0.21.1. For more information, see https://github.com/axios/axios/pull/3410
    dependencies:
      follow-redirects: 1.5.10
    dev: true

  /balanced-match/1.0.2:
    resolution: {integrity: sha512-3oSeUO0TMV67hN1AmbXsK4yaqU7tjiHlbxRDZOpH0KW9+CeX4bRAaX0Anxt0tx2MrpRpWwQaPwIlISEJhYU5Pw==}
    dev: true

  /base64-js/1.5.1:
    resolution: {integrity: sha512-AKpaYlHn8t4SVbOHCy+b5+KKgvR4vrsD8vbvrbiQJps7fKDTkjkDry6ji0rUJjC0kzbNePLwzxq8iypo41qeWA==}
    dev: true

  /binary-install/0.0.1:
    resolution: {integrity: sha512-axr6lqB4ec/pkEOb/JMnZpfcroWv1zT48pVz1oQHG7XmGkS77vmdxmP1btuH79lWQdy9e2MVw/uW0D8siopkRg==}
    dependencies:
      axios: 0.19.2
      env-paths: 2.2.1
      mkdirp: 0.5.5
      rimraf: 3.0.2
      tar: 5.0.11
      universal-url: 2.0.0
    dev: true

  /boolbase/1.0.0:
    resolution: {integrity: sha1-aN/1++YMUes3cl6p4+0xDcwed24=}
    dev: true

  /brace-expansion/1.1.11:
    resolution: {integrity: sha512-iCuPHDFgrHX7H2vEI/5xpz07zSHB00TpugqhmYtVmMO6518mCuRMoOYFldEBl0g187ufozdaHgWKcYFb61qGiA==}
    dependencies:
      balanced-match: 1.0.2
      concat-map: 0.0.1
    dev: true

  /buffer-crc32/0.2.13:
    resolution: {integrity: sha1-DTM+PwDqxQqhRUq9MO+MKl2ackI=}
    dev: true

  /buffer-equal/0.0.1:
    resolution: {integrity: sha1-kbx0sR6kBbyRa8aqkI+q+ltKrEs=}
    engines: {node: '>=0.4.0'}
    dev: true

  /buffer-from/1.1.2:
    resolution: {integrity: sha512-E+XQCRwSbaaiChtv6k6Dwgc+bx+Bs6vuKJHHl5kox/BaKbhiXzqQOwK4cO22yElGp2OCmjwVhT3HmxgyPGnJfQ==}
    dev: true

  /buffer/5.7.1:
    resolution: {integrity: sha512-EHcyIPBQ4BSGlvjB16k5KgAJ27CIsHY/2JBmCRReo48y9rQ3MaUzWX3KVlBa4U7MyX02HdVj0K7C3WaB3ju7FQ==}
    dependencies:
      base64-js: 1.5.1
      ieee754: 1.2.1
    dev: true

  /buffer/6.0.3:
    resolution: {integrity: sha512-FTiCpNxtwiZZHEZbcbTIcZjERVICn9yq/pDFkTl95/AxzD1naBctN7YO68riM/gLSDY7sdrMby8hofADYuuqOA==}
    dependencies:
      base64-js: 1.5.1
      ieee754: 1.2.1
    dev: true

  /cheerio-select/1.5.0:
    resolution: {integrity: sha512-qocaHPv5ypefh6YNxvnbABM07KMxExbtbfuJoIie3iZXX1ERwYmJcIiRrr9H05ucQP1k28dav8rpdDgjQd8drg==}
    dependencies:
      css-select: 4.1.3
      css-what: 5.0.1
      domelementtype: 2.2.0
      domhandler: 4.2.2
      domutils: 2.8.0
    dev: true

  /cheerio/1.0.0-rc.10:
    resolution: {integrity: sha512-g0J0q/O6mW8z5zxQ3A8E8J1hUgp4SMOvEoW/x84OwyHKe/Zccz83PVT4y5Crcr530FV6NgmKI1qvGTKVl9XXVw==}
    engines: {node: '>= 6'}
    dependencies:
      cheerio-select: 1.5.0
      dom-serializer: 1.3.2
      domhandler: 4.2.2
      htmlparser2: 6.1.0
      parse5: 6.0.1
      parse5-htmlparser2-tree-adapter: 6.0.1
      tslib: 2.3.1
    dev: true

  /chownr/1.1.4:
    resolution: {integrity: sha512-jJ0bqzaylmJtVnNgzTeSOs8DPavpbYgEr/b0YL8/2GO3xJEhInFmhKMUnEJQjZumK7KXGFhUy89PrsJWlakBVg==}
    dev: true

  /concat-map/0.0.1:
    resolution: {integrity: sha1-2Klr13/Wjfd5OnMDajug1UBdR3s=}
    dev: true

  /concat-stream/1.6.2:
    resolution: {integrity: sha512-27HBghJxjiZtIk3Ycvn/4kbJk/1uZuJFfuPEns6LaEvpvG1f0hTea8lilrouyo9mVc2GWdcEZ8OLoGmSADlrCw==}
    engines: {'0': node >= 0.8}
    dependencies:
      buffer-from: 1.1.2
      inherits: 2.0.4
      readable-stream: 2.3.7
      typedarray: 0.0.6
    dev: true

  /core-util-is/1.0.2:
    resolution: {integrity: sha1-tf1UIgqivFq1eqtxQMlAdUUDwac=}
    dev: true

  /crc-32/1.2.0:
    resolution: {integrity: sha512-1uBwHxF+Y/4yF5G48fwnKq6QsIXheor3ZLPT80yGBV1oEUwpPojlEhQbWKVw1VwcTQyMGHK1/XMmTjmlsmTTGA==}
    engines: {node: '>=0.8'}
    hasBin: true
    dependencies:
      exit-on-epipe: 1.0.1
      printj: 1.1.2
    dev: false

  /create-require/1.1.1:
    resolution: {integrity: sha512-dcKFX3jn0MpIaXjisoRvexIJVEKzaq7z2rZKxf+MSr9TkdmHmsU4m2lcLojrj/FHl8mk5VxMmYA+ftRkP/3oKQ==}
    dev: true

  /css-select/4.1.3:
    resolution: {integrity: sha512-gT3wBNd9Nj49rAbmtFHj1cljIAOLYSX1nZ8CB7TBO3INYckygm5B7LISU/szY//YmdiSLbJvDLOx9VnMVpMBxA==}
    dependencies:
      boolbase: 1.0.0
      css-what: 5.0.1
      domhandler: 4.2.2
      domutils: 2.8.0
      nth-check: 2.0.0
    dev: true

  /css-what/5.0.1:
    resolution: {integrity: sha512-FYDTSHb/7KXsWICVsxdmiExPjCfRC4qRFBdVwv7Ax9hMnvMmEjP9RfxTEZ3qPZGmADDn2vAKSo9UcN1jKVYscg==}
    engines: {node: '>= 6'}
    dev: true

  /debug/2.6.9:
    resolution: {integrity: sha512-bC7ElrdJaJnPbAP+1EotYvqZsb3ecl5wi6Bfi6BJTUcNowp6cvspg0jXznRTKDjm/E7AdgFBVeAPVMNcKGsHMA==}
    dependencies:
      ms: 2.0.0
    dev: true

  /debug/3.1.0:
    resolution: {integrity: sha512-OX8XqP7/1a9cqkxYw2yXss15f26NKWBpDXQd0/uK/KPqdQhxbPa994hnzjcE2VqQpDslf55723cKPUOGSmMY3g==}
    dependencies:
      ms: 2.0.0
    dev: true

  /debug/3.2.7:
    resolution: {integrity: sha512-CFjzYYAi4ThfiQvizrFQevTTXHtnCqWfe7x1AhgEscTz6ZbLbfoLRLPugTQyBth6f8ZERVUSyWHFD/7Wu4t1XQ==}
    dependencies:
      ms: 2.1.3
    dev: true

  /debug/4.3.2:
    resolution: {integrity: sha512-mOp8wKcvj7XxC78zLgw/ZA+6TSgkoE2C/ienthhRD298T7UNwAg9diBpLRxC0mOezLl4B0xV7M0cCO6P/O0Xhw==}
    engines: {node: '>=6.0'}
    peerDependencies:
      supports-color: '*'
    peerDependenciesMeta:
      supports-color:
        optional: true
    dependencies:
      ms: 2.1.2
    dev: true

  /diff/4.0.2:
    resolution: {integrity: sha512-58lmxKSA4BNyLz+HHMUzlOEpg09FV+ev6ZMe3vJihgdxzgcwZ8VoEEPmALCZG9LmqfVoNMMKpttIYTVG6uDY7A==}
    engines: {node: '>=0.3.1'}
    dev: true

  /dom-serializer/1.3.2:
    resolution: {integrity: sha512-5c54Bk5Dw4qAxNOI1pFEizPSjVsx5+bpJKmL2kPn8JhBUq2q09tTCa3mjijun2NfK78NMouDYNMBkOrPZiS+ig==}
    dependencies:
      domelementtype: 2.2.0
      domhandler: 4.2.2
      entities: 2.2.0
    dev: true

  /dom-walk/0.1.2:
    resolution: {integrity: sha512-6QvTW9mrGeIegrFXdtQi9pk7O/nSK6lSdXW2eqUspN5LWD7UTji2Fqw5V2YLjBpHEoU9Xl/eUWNpDeZvoyOv2w==}
    dev: true

  /domelementtype/2.2.0:
    resolution: {integrity: sha512-DtBMo82pv1dFtUmHyr48beiuq792Sxohr+8Hm9zoxklYPfa6n0Z3Byjj2IV7bmr2IyqClnqEQhfgHJJ5QF0R5A==}
    dev: true

  /domhandler/4.2.2:
    resolution: {integrity: sha512-PzE9aBMsdZO8TK4BnuJwH0QT41wgMbRzuZrHUcpYncEjmQazq8QEaBWgLG7ZyC/DAZKEgglpIA6j4Qn/HmxS3w==}
    engines: {node: '>= 4'}
    dependencies:
      domelementtype: 2.2.0
    dev: true

  /domutils/2.8.0:
    resolution: {integrity: sha512-w96Cjofp72M5IIhpjgobBimYEfoPjx1Vx0BSX9P30WBdZW2WIKU0T1Bd0kz2eNZ9ikjKgHbEyKx8BB6H1L3h3A==}
    dependencies:
      dom-serializer: 1.3.2
      domelementtype: 2.2.0
      domhandler: 4.2.2
    dev: true

  /enhanced-resolve/5.8.2:
    resolution: {integrity: sha512-F27oB3WuHDzvR2DOGNTaYy0D5o0cnrv8TeI482VM4kYgQd/FT9lUQwuNsJ0oOHtBUq7eiW5ytqzp7nBFknL+GA==}
    engines: {node: '>=10.13.0'}
    dependencies:
      graceful-fs: 4.2.8
      tapable: 2.2.0
    dev: true

  /entities/2.2.0:
    resolution: {integrity: sha512-p92if5Nz619I0w+akJrLZH0MX0Pb5DX39XOwQTtXSdQQOaYH03S1uIQp4mhOZtAXrxq4ViO67YTiLBo2638o9A==}
    dev: true

  /env-paths/2.2.1:
    resolution: {integrity: sha512-+h1lkLKhZMTYjog1VEpJNG7NZJWcuc2DDk/qsqSTRRCOXiLjeQ1d1/udrUGhqMxUgAlwKNZ0cf2uqan5GLuS2A==}
    engines: {node: '>=6'}
    dev: true

  /es6-promise/4.2.8:
    resolution: {integrity: sha512-HJDGx5daxeIvxdBxvG2cb9g4tEvwIk3i8+nhX0yGrYmZUzbkdg8QbDevheDB8gd0//uPj4c1EQua8Q+MViT0/w==}
    dev: true

  /es6-promisify/5.0.0:
    resolution: {integrity: sha1-UQnWLz5W6pZ8S2NQWu8IKRyKUgM=}
    dependencies:
      es6-promise: 4.2.8
    dev: true

  /esbuild-android-arm64/0.13.6:
    resolution: {integrity: sha512-uEwrMRzqNzXxzIi0K/CtHn3/SPoRso4Dd/aJCpf9KuX+kCs9Tlhz29cKbZieznYAekdo36fDUrZyuugAwSdI+A==}
    cpu: [arm64]
    os: [android]
    requiresBuild: true
    dev: true
    optional: true

  /esbuild-darwin-64/0.13.6:
    resolution: {integrity: sha512-oJdWZn2QV5LTM24/vVWaUFlMVlRhpG9zZIA6Xd+xbCULOURwYnYRQWIzRpXNtTfuAr3+em9PqKUaGtYqvO/DYg==}
    cpu: [x64]
    os: [darwin]
    requiresBuild: true
    dev: true
    optional: true

  /esbuild-darwin-arm64/0.13.6:
    resolution: {integrity: sha512-+f8Yn5doTEpCWtBaGxciDTikxESdGCNZpLYtXzMJLTWFHr8zqfAf4TAYGvg6T5T6N7OMC8HHy3GM+BijFXDXMg==}
    cpu: [arm64]
    os: [darwin]
    requiresBuild: true
    dev: true
    optional: true

  /esbuild-freebsd-64/0.13.6:
    resolution: {integrity: sha512-Yb/DgZUX0C6i4vnOymthLzoWAJBYWbn3Y2F4wKEufsx2veGN/wlwO/yz7IWGVVzb2zMUqbt30hCLF61sUFe7gA==}
    cpu: [x64]
    os: [freebsd]
    requiresBuild: true
    dev: true
    optional: true

  /esbuild-freebsd-arm64/0.13.6:
    resolution: {integrity: sha512-UKYlEb7mwprSJ9VW9+q3/Mgxest45I6rGMB/hrKY1T6lqoBVhWS4BTbL4EGetWdk05Tw4njFAO9+nmxgl7jMlA==}
    cpu: [arm64]
    os: [freebsd]
    requiresBuild: true
    dev: true
    optional: true

  /esbuild-linux-32/0.13.6:
    resolution: {integrity: sha512-hQCZfSLBYtn8f1afFT6Dh9KeLsW12xLqrqssbhpi/xfN9c/bbCh/QQZaR9ZOEnmBHHRPb7rbSo3jQqlCWYb7LQ==}
    cpu: [ia32]
    os: [linux]
    requiresBuild: true
    dev: true
    optional: true

  /esbuild-linux-64/0.13.6:
    resolution: {integrity: sha512-bRQwsD+xJoajonfyeq5JpiNRogH4mYFYbYsGhwrtQ4pMGk93V/4KuKQiKEisRZO0hYhZL4MtxufwF195zKlCAw==}
    cpu: [x64]
    os: [linux]
    requiresBuild: true
    dev: true
    optional: true

  /esbuild-linux-arm/0.13.6:
    resolution: {integrity: sha512-qQUrpL7QoPqujXEFSpeu6QZ43z0+OdDPHDkLO0GPbpV/jebP7J+0FreMqoq7ZxWG4rPigwcRdEyqzHh8Bh4Faw==}
    cpu: [arm]
    os: [linux]
    requiresBuild: true
    dev: true
    optional: true

  /esbuild-linux-arm64/0.13.6:
    resolution: {integrity: sha512-sRc1lt9ma1xBvInCwpS77ywR6KVdcJNsErsrDkDXx3mVe8DLLEn05TG0nIX9I+s8ouHEepikdKCfe1DZdILRjQ==}
    cpu: [arm64]
    os: [linux]
    requiresBuild: true
    dev: true
    optional: true

  /esbuild-linux-mips64le/0.13.6:
    resolution: {integrity: sha512-1lsHZaIsHlFkHn1QRa/EONPGVHwzdIrkKn6r2m9cYUIn2J+rKtJg0e+WkNG3MaIrxozaGKaiSPGvaG1toCbZjw==}
    cpu: [mips64el]
    os: [linux]
    requiresBuild: true
    dev: true
    optional: true

  /esbuild-linux-ppc64le/0.13.6:
    resolution: {integrity: sha512-x223JNC8XeLDf05zLaKfxqCEWVct4frp8ft8Qc13cha33TMrqMFaSPq6cgpgT2VYuUsXtwoocoWChKfvy+AUQg==}
    cpu: [ppc64]
    os: [linux]
    requiresBuild: true
    dev: true
    optional: true

  /esbuild-netbsd-64/0.13.6:
    resolution: {integrity: sha512-TonKf530kT25+zi1Da6esITmuBJe13QiN+QGVch6YE8t720IvIelDGwkOQN3Td7A0JjbSbK3u+Fo6YaL151VxQ==}
    cpu: [x64]
    os: [netbsd]
    requiresBuild: true
    dev: true
    optional: true

  /esbuild-openbsd-64/0.13.6:
    resolution: {integrity: sha512-WFa5J0IuyER0UJbCGw87gvGWXGfhxeNppYcvQjp0pWYuH4FS+YqphyjV0RJlybzzDpAXkyZ9RzkMFtSAp+6AUA==}
    cpu: [x64]
    os: [openbsd]
    requiresBuild: true
    dev: true
    optional: true

  /esbuild-sunos-64/0.13.6:
    resolution: {integrity: sha512-duCL8Ewri+zjKxuN/61maniDxcd8fHwSuubdAPofll0y0E6WcL/R/e/mQzhHIuoguFm5RJkKun1qua54javh7g==}
    cpu: [x64]
    os: [sunos]
    requiresBuild: true
    dev: true
    optional: true

  /esbuild-windows-32/0.13.6:
    resolution: {integrity: sha512-U8RkpT4f0/dygA5ytFyHNZ/fRECU9LWBMrqWflNhM31iTi6RhU0QTuOzFYkmpYnwl358ZZhVoBeEOm313d4u4A==}
    cpu: [ia32]
    os: [win32]
    requiresBuild: true
    dev: true
    optional: true

  /esbuild-windows-64/0.13.6:
    resolution: {integrity: sha512-A23VyUeyBfSWUYNL0jtrJi5M/2yR/RR8zfpGQ0wU0fldqV2vxnvmBYOBwRxexFYCDRpRWh4cPFsoYoXRCFa8Dg==}
    cpu: [x64]
    os: [win32]
    requiresBuild: true
    dev: true
    optional: true

  /esbuild-windows-arm64/0.13.6:
    resolution: {integrity: sha512-K/pFqK/s5C6wXYcFKO9iPY4yU3DI0/Gbl1W2+OhaPHoXu13VGBmqbCiQ5lohHGE72FFQl76naOjEayEiI+gDMQ==}
    cpu: [arm64]
    os: [win32]
    requiresBuild: true
    dev: true
    optional: true

  /esbuild/0.13.6:
    resolution: {integrity: sha512-zkMkYwC9ohVe6qxXykKf/4jfbtM/09CL8UEEnwuhO7Xq8NOTN2yAwCrmKKvHlGrEej6Y8e/tAmHB7wMMg7O0ew==}
    hasBin: true
    requiresBuild: true
    optionalDependencies:
      esbuild-android-arm64: 0.13.6
      esbuild-darwin-64: 0.13.6
      esbuild-darwin-arm64: 0.13.6
      esbuild-freebsd-64: 0.13.6
      esbuild-freebsd-arm64: 0.13.6
      esbuild-linux-32: 0.13.6
      esbuild-linux-64: 0.13.6
      esbuild-linux-arm: 0.13.6
      esbuild-linux-arm64: 0.13.6
      esbuild-linux-mips64le: 0.13.6
      esbuild-linux-ppc64le: 0.13.6
      esbuild-netbsd-64: 0.13.6
      esbuild-openbsd-64: 0.13.6
      esbuild-sunos-64: 0.13.6
      esbuild-windows-32: 0.13.6
      esbuild-windows-64: 0.13.6
      esbuild-windows-arm64: 0.13.6
    dev: true

  /exif-parser/0.1.12:
    resolution: {integrity: sha1-WKnS1ywCwfbwKg70qRZicrd2CSI=}
    dev: true

  /exit-on-epipe/1.0.1:
    resolution: {integrity: sha512-h2z5mrROTxce56S+pnvAV890uu7ls7f1kEvVGJbw1OlFH3/mlJ5bkXu0KRyW94v37zzHPiUd55iLn3DA7TjWpw==}
    engines: {node: '>=0.8'}
    dev: false

  /extract-zip/1.7.0:
    resolution: {integrity: sha512-xoh5G1W/PB0/27lXgMQyIhP5DSY/LhoCsOyZgb+6iMmRtCwVBo55uKaMoEYrDCKQhWvqEip5ZPKAc6eFNyf/MA==}
    hasBin: true
    dependencies:
      concat-stream: 1.6.2
      debug: 2.6.9
      mkdirp: 0.5.5
      yauzl: 2.10.0
    dev: true

  /fd-slicer/1.1.0:
    resolution: {integrity: sha1-JcfInLH5B3+IkbvmHY85Dq4lbx4=}
    dependencies:
      pend: 1.2.0
    dev: true

  /file-type/9.0.0:
    resolution: {integrity: sha512-Qe/5NJrgIOlwijpq3B7BEpzPFcgzggOTagZmkXQY4LA6bsXKTUstK7Wp12lEJ/mLKTpvIZxmIuRcLYWT6ov9lw==}
    engines: {node: '>=6'}
    dev: true

  /follow-redirects/1.5.10:
    resolution: {integrity: sha512-0V5l4Cizzvqt5D44aTXbFZz+FtyXV1vrDN6qrelxtfYQKW0KO0W2T/hkE8xvGa/540LkZlkaUjO4ailYTFtHVQ==}
    engines: {node: '>=4.0'}
    dependencies:
      debug: 3.1.0
    dev: true

  /fs-extra/10.0.0:
    resolution: {integrity: sha512-C5owb14u9eJwizKGdchcDUQeFtlSHHthBk8pbX9Vc1PFZrLombudjDnNns88aYslCyF6IY5SUw3Roz6xShcEIQ==}
    engines: {node: '>=12'}
    dependencies:
      graceful-fs: 4.2.8
      jsonfile: 6.1.0
      universalify: 2.0.0
    dev: true

  /fs-minipass/2.1.0:
    resolution: {integrity: sha512-V/JgOLFCS+R6Vcq0slCuaeWEdNC3ouDlJMNIsacH2VtALiu9mV4LPrHc5cDl8k5aw6J8jwgWWpiTo5RYhmIzvg==}
    engines: {node: '>= 8'}
    dependencies:
      minipass: 3.1.3
    dev: true

  /fs.realpath/1.0.0:
    resolution: {integrity: sha1-FQStJSMVjKpA20onh8sBQRmU6k8=}
    dev: true

  /function-bind/1.1.1:
    resolution: {integrity: sha512-yIovAzMX49sF8Yl58fSCWJ5svSLuaibPxXQJFLmBObTuCr0Mf1KiPopGM9NiFjiYBCbfaa2Fh6breQ6ANVTI0A==}
    dev: true

  /gl-matrix/3.3.0:
    resolution: {integrity: sha512-COb7LDz+SXaHtl/h4LeaFcNdJdAQSDeVqjiIihSXNrkWObZLhDI4hIkZC11Aeqp7bcE72clzB0BnDXr2SmslRA==}
    dev: false

  /glob/7.1.7:
    resolution: {integrity: sha512-OvD9ENzPLbegENnYP5UUfJIirTg4+XwMWGaQfQTY0JenxNvvIKP3U3/tAQSPIu/lHxXYSZmpXlUHeqAIdKzBLQ==}
    dependencies:
      fs.realpath: 1.0.0
      inflight: 1.0.6
      inherits: 2.0.4
      minimatch: 3.0.4
      once: 1.4.0
      path-is-absolute: 1.0.1
    dev: true

  /global/4.4.0:
    resolution: {integrity: sha512-wv/LAoHdRE3BeTGz53FAamhGlPLhlssK45usmGFThIi4XqnBmjKQ16u+RNbP7WvigRZDxUsM0J3gcQ5yicaL0w==}
    dependencies:
      min-document: 2.19.0
      process: 0.11.10
    dev: true

  /graceful-fs/4.2.8:
    resolution: {integrity: sha512-qkIilPUYcNhJpd33n0GBXTB1MMPp14TxEsEs0pTrsSVucApsYzW5V+Q8Qxhik6KU3evy+qkAAowTByymK0avdg==}
    dev: true

  /has/1.0.3:
    resolution: {integrity: sha512-f2dvO0VU6Oej7RkWJGrehjbzMAjFp5/VKPp5tTpWIV4JHHZK1/BxbFRtf/siA2SWTe09caDmVtYYzWEIbBS4zw==}
    engines: {node: '>= 0.4.0'}
    dependencies:
      function-bind: 1.1.1
    dev: true

  /hasurl/1.0.0:
    resolution: {integrity: sha512-43ypUd3DbwyCT01UYpA99AEZxZ4aKtRxWGBHEIbjcOsUghd9YUON0C+JF6isNjaiwC/UF5neaUudy6JS9jZPZQ==}
    engines: {node: '>= 4'}
    dev: true

  /htmlparser2/6.1.0:
    resolution: {integrity: sha512-gyyPk6rgonLFEDGoeRgQNaEUvdJ4ktTmmUh/h2t7s+M8oPpIPxgNACWa+6ESR57kXstwqPiCut0V8NRpcwgU7A==}
    dependencies:
      domelementtype: 2.2.0
      domhandler: 4.2.2
      domutils: 2.8.0
      entities: 2.2.0
    dev: true

  /https-proxy-agent/2.2.4:
    resolution: {integrity: sha512-OmvfoQ53WLjtA9HeYP9RNrWMJzzAz1JGaSFr1nijg0PVR1JaD/xbJq1mdEIIlxGpXp9eSe/O2LgU9DJmTPd0Eg==}
    engines: {node: '>= 4.5.0'}
    dependencies:
      agent-base: 4.3.0
      debug: 3.2.7
    dev: true

  /iconv-lite/0.6.3:
    resolution: {integrity: sha512-4fCk79wshMdzMp2rH06qWrJE4iolqLhCUH+OiuIgU++RB0+94NlDL81atO7GX55uUKueo0txHNtvEyI6D7WdMw==}
    engines: {node: '>=0.10.0'}
    dependencies:
      safer-buffer: 2.1.2
    dev: true

  /ieee754/1.2.1:
    resolution: {integrity: sha512-dcyqhDvX1C46lXZcVqCpK+FtMRQVdIMN6/Df5js2zouUsqG7I6sFxitIC+7KYK29KdXOLHdu9zL4sFnoVQnqaA==}
    dev: true

  /inflight/1.0.6:
    resolution: {integrity: sha1-Sb1jMdfQLQwJvJEKEHW6gWW1bfk=}
    dependencies:
      once: 1.4.0
      wrappy: 1.0.2
    dev: true

  /inherits/2.0.4:
    resolution: {integrity: sha512-k/vGaX4/Yla3WzyMCvTQOXYeIHvqOKtnqBduzTHpzpQZzAskKMhZ2K+EnBiSM9zGSoIFeMpXKxa4dYeZIQqewQ==}
    dev: true

  /is-core-module/2.6.0:
    resolution: {integrity: sha512-wShG8vs60jKfPWpF2KZRaAtvt3a20OAn7+IJ6hLPECpSABLcKtFKTTI4ZtH5QcBruBHlq+WsdHWyz0BCZW7svQ==}
    dependencies:
      has: 1.0.3
    dev: true

  /is-function/1.0.2:
    resolution: {integrity: sha512-lw7DUp0aWXYg+CBCN+JKkcE0Q2RayZnSvnZBlwgxHBQhqt5pZNVy4Ri7H9GmmXkdu7LUthszM+Tor1u/2iBcpQ==}
    dev: true

  /isarray/1.0.0:
    resolution: {integrity: sha1-u5NdSFgsuhaMBoNJV6VKPgcSTxE=}
    dev: true

  /jpeg-js/0.4.2:
    resolution: {integrity: sha512-+az2gi/hvex7eLTMTlbRLOhH6P6WFdk2ITI8HJsaH2VqYO0I594zXSYEP+tf4FW+8Cy68ScDXoAsQdyQanv3sw==}
    dev: true

  /jsonfile/6.1.0:
    resolution: {integrity: sha512-5dgndWOriYSm5cnYaJNhalLNDKOqFwyDB/rr1E9ZsGciGvKPs8R2xYGCacuf3z6K1YKDz182fd+fY3cn3pMqXQ==}
    dependencies:
      universalify: 2.0.0
    optionalDependencies:
      graceful-fs: 4.2.8
    dev: true

  /librw/0.4.0:
    resolution: {integrity: sha512-XKnVdxa1JxGuC/WT6brZyV1xd1GIRb2RIXSUmxdMuKV6HJqJ0/j8a9dTvyj6oX3vE5MITHJ+c0wsJgYbhnYorQ==}
    dev: false

  /load-bmfont/1.4.1:
    resolution: {integrity: sha512-8UyQoYmdRDy81Brz6aLAUhfZLwr5zV0L3taTQ4hju7m6biuwiWiJXjPhBJxbUQJA8PrkvJ/7Enqmwk2sM14soA==}
    dependencies:
      buffer-equal: 0.0.1
      mime: 1.6.0
      parse-bmfont-ascii: 1.0.6
      parse-bmfont-binary: 1.0.6
      parse-bmfont-xml: 1.1.4
      phin: 2.9.3
      xhr: 2.6.0
      xtend: 4.0.2
    dev: true

  /lodash.sortby/4.7.0:
    resolution: {integrity: sha1-7dFMgk4sycHgsKG0K7UhBRakJDg=}
    dev: true

  /make-error/1.3.6:
    resolution: {integrity: sha512-s8UhlNe7vPKomQhC1qFelMokr/Sc3AgNbso3n74mVPA5LTZwkB9NlXf4XPamLxJE8h0gh73rM94xvwRT2CVInw==}
    dev: true

  /mime/1.6.0:
    resolution: {integrity: sha512-x0Vn8spI+wuJ1O6S7gnbaQg8Pxh4NNHb7KSINmEWKiPE4RKOplvijn+NkmYmmRgP68mc70j2EbeTFRsrswaQeg==}
    engines: {node: '>=4'}
    hasBin: true
    dev: true

  /mime/2.5.2:
    resolution: {integrity: sha512-tqkh47FzKeCPD2PUiPB6pkbMzsCasjxAfC62/Wap5qrUWcb+sFasXUC5I3gYM5iBM8v/Qpn4UK0x+j0iHyFPDg==}
    engines: {node: '>=4.0.0'}
    hasBin: true
    dev: true

  /min-document/2.19.0:
    resolution: {integrity: sha1-e9KC4/WELtKVu3SM3Z8f+iyCRoU=}
    dependencies:
      dom-walk: 0.1.2
    dev: true

  /minimatch/3.0.4:
    resolution: {integrity: sha512-yJHVQEhyqPLUTgt9B83PXu6W3rx4MvvHvSUvToogpwoGDOUQ+yDrR0HRot+yOCdCO7u4hX3pWft6kWBBcqh0UA==}
    dependencies:
      brace-expansion: 1.1.11
    dev: true

  /minimist/1.2.5:
    resolution: {integrity: sha512-FM9nNUYrRBAELZQT3xeZQ7fmMOBg6nWNmJKTcgsJeaLstP/UODVpGsr5OhXhhXg6f+qtJ8uiZ+PUxkDWcgIXLw==}
    dev: true

  /minipass/3.1.3:
    resolution: {integrity: sha512-Mgd2GdMVzY+x3IJ+oHnVM+KG3lA5c8tnabyJKmHSaG2kAGpudxuOf8ToDkhumF7UzME7DecbQE9uOZhNm7PuJg==}
    engines: {node: '>=8'}
    dependencies:
      yallist: 4.0.0
    dev: true

  /minizlib/2.1.2:
    resolution: {integrity: sha512-bAxsR8BVfj60DWXHE3u30oHzfl4G7khkSuPW+qvpd7jFRHm7dLxOjUk1EHACJ/hxLY8phGJ0YhYHZo7jil7Qdg==}
    engines: {node: '>= 8'}
    dependencies:
      minipass: 3.1.3
      yallist: 4.0.0
    dev: true

  /mkdirp/0.5.5:
    resolution: {integrity: sha512-NKmAlESf6jMGym1++R0Ra7wvhV+wFW63FaSOFPwRahvea0gMUcGUhVeAg/0BC0wiv9ih5NYPB1Wn1UEI1/L+xQ==}
    hasBin: true
    dependencies:
      minimist: 1.2.5
    dev: true

  /ms/2.0.0:
    resolution: {integrity: sha1-VgiurfwAvmwpAd9fmGF4jeDVl8g=}
    dev: true

  /ms/2.1.2:
    resolution: {integrity: sha512-sGkPx+VjMtmA6MX27oA4FBFELFCZZ4S4XqeGOXCv68tT+jb3vk/RyaKWP0PTKyWtmLSM0b+adUTEvbs1PEaH2w==}
    dev: true

  /ms/2.1.3:
    resolution: {integrity: sha512-6FlzubTLZG3J2a/NVCAleEhjzq5oxgHyaCU9yYXvcLsvoVaHJq/s5xXI6/XXP6tz7R9xAOtHnSO/tXtF3WRTlA==}
    dev: true

  /nth-check/2.0.0:
    resolution: {integrity: sha512-i4sc/Kj8htBrAiH1viZ0TgU8Y5XqCaV/FziYK6TBczxmeKm3AEFWqqF3195yKudrarqy7Zu80Ra5dobFjn9X/Q==}
    dependencies:
      boolbase: 1.0.0
    dev: true

  /once/1.4.0:
    resolution: {integrity: sha1-WDsap3WWHUsROsF9nFC6753Xa9E=}
    dependencies:
      wrappy: 1.0.2
    dev: true

  /pako/1.0.11:
    resolution: {integrity: sha512-4hLB8Py4zZce5s4yd9XzopqwVv/yGNhV1Bl8NTmCq1763HeK2+EwVTv+leGeL13Dnh2wfbqowVPXCIO0z4taYw==}
    dev: false

  /parse-bmfont-ascii/1.0.6:
    resolution: {integrity: sha1-Eaw8P/WPfCAgqyJ2kHkQjU36AoU=}
    dev: true

  /parse-bmfont-binary/1.0.6:
    resolution: {integrity: sha1-0Di0dtPp3Z2x4RoLDlOiJ5K2kAY=}
    dev: true

  /parse-bmfont-xml/1.1.4:
    resolution: {integrity: sha512-bjnliEOmGv3y1aMEfREMBJ9tfL3WR0i0CKPj61DnSLaoxWR3nLrsQrEbCId/8rF4NyRF0cCqisSVXyQYWM+mCQ==}
    dependencies:
      xml-parse-from-string: 1.0.1
      xml2js: 0.4.23
    dev: true

  /parse-headers/2.0.4:
    resolution: {integrity: sha512-psZ9iZoCNFLrgRjZ1d8mn0h9WRqJwFxM9q3x7iUjN/YT2OksthDJ5TiPCu2F38kS4zutqfW+YdVVkBZZx3/1aw==}
    dev: true

  /parse5-htmlparser2-tree-adapter/6.0.1:
    resolution: {integrity: sha512-qPuWvbLgvDGilKc5BoicRovlT4MtYT6JfJyBOMDsKoiT+GiuP5qyrPCnR9HcPECIJJmZh5jRndyNThnhhb/vlA==}
    dependencies:
      parse5: 6.0.1
    dev: true

  /parse5/6.0.1:
    resolution: {integrity: sha512-Ofn/CTFzRGTTxwpNEs9PP93gXShHcTq255nzRYSKe8AkVpZY7e1fpmTfOyoIvjP5HG7Z2ZM7VS9PPhQGW2pOpw==}
    dev: true

  /path-is-absolute/1.0.1:
    resolution: {integrity: sha1-F0uSaHNVNP+8es5r9TpanhtcX18=}
    engines: {node: '>=0.10.0'}
    dev: true

  /pend/1.2.0:
    resolution: {integrity: sha1-elfrVQpng/kRUzH89GY9XI4AelA=}
    dev: true

  /phin/2.9.3:
    resolution: {integrity: sha512-CzFr90qM24ju5f88quFC/6qohjC144rehe5n6DH900lgXmUe86+xCKc10ev56gRKC4/BkHUoG4uSiQgBiIXwDA==}
    dev: true

  /pixelmatch/4.0.2:
    resolution: {integrity: sha1-j0fc7FARtHe2fbA8JDvB8wheiFQ=}
    hasBin: true
    dependencies:
      pngjs: 3.4.0
    dev: true

  /pngjs/3.4.0:
    resolution: {integrity: sha512-NCrCHhWmnQklfH4MtJMRjZ2a8c80qXeMlQMv2uVp9ISJMTt562SbGd6n2oq0PaPgKm7Z6pL9E2UlLIhC+SHL3w==}
    engines: {node: '>=4.0.0'}
    dev: true

  /printj/1.1.2:
    resolution: {integrity: sha512-zA2SmoLaxZyArQTOPj5LXecR+RagfPSU5Kw1qP+jkWeNlrq+eJZyY2oS68SU1Z/7/myXM4lo9716laOFAVStCQ==}
    engines: {node: '>=0.8'}
    hasBin: true
    dev: false

  /process-nextick-args/2.0.1:
    resolution: {integrity: sha512-3ouUOpQhtgrbOa17J7+uxOTpITYWaGP7/AhoR3+A+/1e9skrzelGi/dXzEYyvbxubEF6Wn2ypscTKiKJFFn1ag==}
    dev: true

  /process/0.11.10:
    resolution: {integrity: sha1-czIwDoQBYb2j5podHZGn1LwW8YI=}
    engines: {node: '>= 0.6.0'}
    dev: true

  /progress/2.0.3:
    resolution: {integrity: sha512-7PiHtLll5LdnKIMw100I+8xJXR5gW2QwWYkT6iJva0bXitZKa/XMrSbdmg3r2Xnaidz9Qumd0VPaMrZlF9V9sA==}
    engines: {node: '>=0.4.0'}
    dev: true

  /proxy-from-env/1.1.0:
    resolution: {integrity: sha512-D+zkORCbA9f1tdWRK0RaCR3GPv50cMxcrz4X8k5LTSUD1Dkw47mKJEZQNunItRTkWwgtaUSo1RVFRIG9ZXiFYg==}
    dev: true

  /punycode/2.1.1:
    resolution: {integrity: sha512-XRsRjdf+j5ml+y/6GKHPZbrF/8p2Yga0JPtdqTIY2Xe5ohJPD9saDJJLPvp9+NSBprVvevdXZybnj2cv8OEd0A==}
    engines: {node: '>=6'}
    dev: true

  /puppeteer/1.20.0:
    resolution: {integrity: sha512-bt48RDBy2eIwZPrkgbcwHtb51mj2nKvHOPMaSH2IsWiv7lOG9k9zhaRzpDZafrk05ajMc3cu+lSQYYOfH2DkVQ==}
    engines: {node: '>=6.4.0'}
    requiresBuild: true
    dependencies:
      debug: 4.3.2
      extract-zip: 1.7.0
      https-proxy-agent: 2.2.4
      mime: 2.5.2
      progress: 2.0.3
      proxy-from-env: 1.1.0
      rimraf: 2.7.1
      ws: 6.2.2
    transitivePeerDependencies:
      - supports-color
    dev: true

  /readable-stream/2.3.7:
    resolution: {integrity: sha512-Ebho8K4jIbHAxnuxi7o42OrZgF/ZTNcsZj6nRKyUmkhLFq8CHItp/fy6hQZuZmP/n3yZ9VBUbp4zz/mX8hmYPw==}
    dependencies:
      core-util-is: 1.0.2
      inherits: 2.0.4
      isarray: 1.0.0
      process-nextick-args: 2.0.1
      safe-buffer: 5.1.2
      string_decoder: 1.1.1
      util-deprecate: 1.0.2
    dev: true

  /reflect-metadata/0.1.13:
    resolution: {integrity: sha512-Ts1Y/anZELhSsjMcU605fU9RE4Oi3p5ORujwbIKXfWa+0Zxs510Qrmrce5/Jowq3cHSZSJqBjypxmHarc+vEWg==}
    dev: false

  /regenerator-runtime/0.13.9:
    resolution: {integrity: sha512-p3VT+cOEgxFsRRA9X4lkI1E+k2/CtnKtU4gcxyaCUreilL/vqI6CdZ3wxVUx3UOUg+gnUOQQcRI7BmSI656MYA==}
    dev: true

  /rimraf/2.7.1:
    resolution: {integrity: sha512-uWjbaKIK3T1OSVptzX7Nl6PvQ3qAGtKEtVRjRuazjfL3Bx5eI409VZSqgND+4UNnmzLVdPj9FqFJNPqBZFve4w==}
    hasBin: true
    dependencies:
      glob: 7.1.7
    dev: true

  /rimraf/3.0.2:
    resolution: {integrity: sha512-JZkJMZkAGFFPP2YqXZXPbMlMBgsxzE8ILs4lMIX/2o0L9UBw9O/Y3o6wFw/i9YLapcUJWwqbi3kdxIPdC62TIA==}
    hasBin: true
    dependencies:
      glob: 7.1.7
    dev: true

  /safe-buffer/5.1.2:
    resolution: {integrity: sha512-Gd2UZBJDkXlY7GbJxfsE8/nvKkUEU1G38c1siN6QP6a9PT9MmHB8GnpscSmMJSoF8LOIrt8ud/wPtojys4G6+g==}
    dev: true

  /safer-buffer/2.1.2:
    resolution: {integrity: sha512-YZo3K82SD7Riyi0E1EQPojLz7kpepnSQI9IyPbHHg1XXXevb5dJI7tpyN2ADxGcQbHG7vcyRHk0cbwqcQriUtg==}
    dev: true

  /sax/1.2.4:
    resolution: {integrity: sha512-NqVDv9TpANUjFm0N8uM5GxL36UgKi9/atZw+x7YFnQ8ckwFGKrl4xX4yWtrey3UJm5nP1kUbnYgLopqWNSRhWw==}
    dev: true

  /string_decoder/1.1.1:
    resolution: {integrity: sha512-n/ShnvDi6FHbbVfviro+WojiFzv+s8MPMHBczVePfUpDJLwoLT0ht1l4YwBCbi8pJAveEEdnkHyPyTP/mzRfwg==}
    dependencies:
      safe-buffer: 5.1.2
    dev: true

  /tapable/2.2.0:
    resolution: {integrity: sha512-FBk4IesMV1rBxX2tfiK8RAmogtWn53puLOQlvO8XuwlgxcYbP4mVPS9Ph4aeamSyyVjOl24aYWAuc8U5kCVwMw==}
    engines: {node: '>=6'}
    dev: true

  /tar/5.0.11:
    resolution: {integrity: sha512-E6q48d5y4XSCD+Xmwc0yc8lXuyDK38E0FB8N4S/drQRtXOMUhfhDxbB0xr2KKDhNfO51CFmoa6Oz00nAkWsjnA==}
    engines: {node: '>= 8'}
    dependencies:
      chownr: 1.1.4
      fs-minipass: 2.1.0
      minipass: 3.1.3
      minizlib: 2.1.2
      mkdirp: 0.5.5
      yallist: 4.0.0
    dev: true

  /tinycolor2/1.4.2:
    resolution: {integrity: sha512-vJhccZPs965sV/L2sU4oRQVAos0pQXwsvTLkWYdqJ+a8Q5kPFzJTuOFwy7UniPli44NKQGAglksjvOcpo95aZA==}
    dev: true

  /tr46/1.0.1:
    resolution: {integrity: sha1-qLE/1r/SSJUZZ0zN5VujaTtwbQk=}
    dependencies:
      punycode: 2.1.1
    dev: true

  /ts-node/10.2.1_cbdbdeba9190040688bacbabfa5b6f67:
    resolution: {integrity: sha512-hCnyOyuGmD5wHleOQX6NIjJtYVIO8bPP8F2acWkB4W06wdlkgyvJtubO/I9NkI88hCFECbsEgoLc0VNkYmcSfw==}
    engines: {node: '>=12.0.0'}
    hasBin: true
    peerDependencies:
      '@swc/core': '>=1.2.50'
      '@swc/wasm': '>=1.2.50'
      '@types/node': '*'
      typescript: '>=2.7'
    peerDependenciesMeta:
      '@swc/core':
        optional: true
      '@swc/wasm':
        optional: true
    dependencies:
      '@cspotcode/source-map-support': 0.6.1
      '@tsconfig/node10': 1.0.8
      '@tsconfig/node12': 1.0.9
      '@tsconfig/node14': 1.0.1
      '@tsconfig/node16': 1.0.2
      '@types/node': 11.15.54
      acorn: 8.4.1
      acorn-walk: 8.1.1
      arg: 4.1.3
      create-require: 1.1.1
      diff: 4.0.2
      make-error: 1.3.6
      typescript: 4.4.2
      yn: 3.1.1
    dev: true

  /tslib/1.14.1:
    resolution: {integrity: sha512-Xni35NKzjgMrwevysHTCArtLDpPvye8zV/0E4EyYn43P7/7qvQwPh9BGkHewbMulVntbigmcT7rdX3BNo9wRJg==}
    dev: false

  /tslib/2.3.1:
    resolution: {integrity: sha512-77EbyPPpMz+FRFRuAFlWMtmgUWGe9UOG2Z25NqCwiIjRhOf5iKGuzSe5P2w1laq+FkRy4p+PCuVkJSGkzTEKVw==}
    dev: true

  /typedarray/0.0.6:
    resolution: {integrity: sha1-hnrHTjhkGHsdPUfZlqeOxciDB3c=}
    dev: true

  /typescript/4.4.2:
    resolution: {integrity: sha512-gzP+t5W4hdy4c+68bfcv0t400HVJMMd2+H9B7gae1nQlBzCqvrXX+6GL/b3GAgyTH966pzrZ70/fRjwAtZksSQ==}
    engines: {node: '>=4.2.0'}
    hasBin: true
    dev: true

  /universal-url/2.0.0:
    resolution: {integrity: sha512-3DLtXdm/G1LQMCnPj+Aw7uDoleQttNHp2g5FnNQKR6cP6taNWS1b/Ehjjx4PVyvejKi3TJyu8iBraKM4q3JQPg==}
    engines: {node: '>= 6'}
    dependencies:
      hasurl: 1.0.0
      whatwg-url: 7.1.0
    dev: true

  /universalify/2.0.0:
    resolution: {integrity: sha512-hAZsKq7Yy11Zu1DE0OzWjw7nnLZmJZYTDZZyEFHZdUhV8FkH5MCfoU1XMaxXovpyW5nq5scPqq0ZDP9Zyl04oQ==}
    engines: {node: '>= 10.0.0'}
    dev: true

  /util-deprecate/1.0.2:
    resolution: {integrity: sha1-RQ1Nyfpw3nMnYvvS1KKJgUGaDM8=}
    dev: true

  /wasm-pack/0.9.1:
    resolution: {integrity: sha512-866+5UIdASabHMVU+M1azbn8tN1g6kLDoL5qvzVYep2hCYicKCgD/Y1LD0yOB3xMDdi+OD51WYNNBGH1NNF23g==}
    hasBin: true
    requiresBuild: true
    dependencies:
      binary-install: 0.0.1
    dev: true

  /webidl-conversions/4.0.2:
    resolution: {integrity: sha512-YQ+BmxuTgd6UXZW3+ICGfyqRyHXVlD5GtQr5+qjiNW7bF0cqrzX500HVXPBOvgXb5YnzDd+h0zqyv61KUD7+Sg==}
    dev: true

  /whatwg-url/7.1.0:
    resolution: {integrity: sha512-WUu7Rg1DroM7oQvGWfOiAK21n74Gg+T4elXEQYkOhtyLeWiJFoOGLXPKI/9gzIie9CtwVLm8wtw6YJdKyxSjeg==}
    dependencies:
      lodash.sortby: 4.7.0
      tr46: 1.0.1
      webidl-conversions: 4.0.2
    dev: true

  /wrappy/1.0.2:
    resolution: {integrity: sha1-tSQ9jz7BqjXxNkYFvA0QNuMKtp8=}
    dev: true

  /ws/6.2.2:
    resolution: {integrity: sha512-zmhltoSR8u1cnDsD43TX59mzoMZsLKqUweyYBAIvTngR3shc0W6aOZylZmq/7hqyVxPdi+5Ud2QInblgyE72fw==}
    dependencies:
      async-limiter: 1.0.1
    dev: true

  /xhr/2.6.0:
    resolution: {integrity: sha512-/eCGLb5rxjx5e3mF1A7s+pLlR6CGyqWN91fv1JgER5mVWg1MZmlhBvy9kjcsOdRk8RrIujotWyJamfyrp+WIcA==}
    dependencies:
      global: 4.4.0
      is-function: 1.0.2
      parse-headers: 2.0.4
      xtend: 4.0.2
    dev: true

  /xml-parse-from-string/1.0.1:
    resolution: {integrity: sha1-qQKekp09vN7RafPG4oI42VpdWig=}
    dev: true

  /xml2js/0.4.23:
    resolution: {integrity: sha512-ySPiMjM0+pLDftHgXY4By0uswI3SPKLDw/i3UXbnO8M/p28zqexCUoPmQFrYD+/1BzhGJSs2i1ERWKJAtiLrug==}
    engines: {node: '>=4.0.0'}
    dependencies:
      sax: 1.2.4
      xmlbuilder: 11.0.1
    dev: true

  /xmlbuilder/11.0.1:
    resolution: {integrity: sha512-fDlsI/kFEx7gLvbecc0/ohLG50fugQp8ryHzMTuW9vSa1GJ0XYWKnhsUx7oie3G98+r56aTQIUB4kht42R3JvA==}
    engines: {node: '>=4.0'}
    dev: true

  /xtend/4.0.2:
    resolution: {integrity: sha512-LKYU1iAXJXUgAXn9URjiu+MWhyUXHsvfp7mcuYm9dSUKK0/CjtrUwFAxD82/mCWbtLsGjFIad0wIsod4zrTAEQ==}
    engines: {node: '>=0.4'}
    dev: true

  /yallist/4.0.0:
    resolution: {integrity: sha512-3wdGidZyq5PB084XLES5TpOSRA3wjXAlIWMhum2kRcv/41Sn2emQ0dycQW4uZXLejwKvg6EsvbdlVL+FYEct7A==}
    dev: true

  /yauzl/2.10.0:
    resolution: {integrity: sha1-x+sXyT4RLLEIb6bY5R+wZnt5pfk=}
    dependencies:
      buffer-crc32: 0.2.13
      fd-slicer: 1.1.0
    dev: true

  /yn/3.1.1:
    resolution: {integrity: sha512-Ux4ygGWsu2c7isFWe8Yu1YluJmqVhxqK2cLXNQA5AcC3QfbGNpM7fu0Y8b/z16pXLnFxZYvWhd3fhBY9DLmC6Q==}
    engines: {node: '>=6'}
    dev: true
